
Microsoft Visual Studio Solution File, Format Version 12.00
# Visual Studio Version 16
VisualStudioVersion = 16.0.31019.35
MinimumVisualStudioVersion = 10.0.40219.1
Project("{2150E333-8FDC-42A3-9474-1A3956D46DE8}") = "HW1", "HW1", "{F557193B-01DB-422A-AD10-363487DCB774}"
EndProject
Project("{2150E333-8FDC-42A3-9474-1A3956D46DE8}") = "HW2", "HW2", "{035C0C88-95C5-477F-B9F7-54C14DF801DD}"
EndProject
Project("{2150E333-8FDC-42A3-9474-1A3956D46DE8}") = "HW3", "HW3", "{9112DC95-68AB-463D-86E6-45C01C4FF1A3}"
EndProject
Project("{FAE04EC0-301F-11D3-BF4B-00C04F79EFBC}") = "HW1_2", "HW1_2\HW1_2.csproj", "{0F68709E-4EDD-4838-B30D-B049F7FF1441}"
EndProject
Project("{FAE04EC0-301F-11D3-BF4B-00C04F79EFBC}") = "HW1_1", "HW1_1\HW1_1.csproj", "{58844254-0092-4DDA-A7D5-332C88F525FE}"
EndProject
Project("{FAE04EC0-301F-11D3-BF4B-00C04F79EFBC}") = "HW1_3", "HW1_3\HW1_3.csproj", "{34532D5A-443D-4789-AB6A-2211C0999D4A}"
EndProject
Project("{FAE04EC0-301F-11D3-BF4B-00C04F79EFBC}") = "HW1_4", "HW1_4\HW1_4.csproj", "{C8AAC02F-0792-4AEF-A339-17FF61AE8B3D}"
EndProject
Project("{FAE04EC0-301F-11D3-BF4B-00C04F79EFBC}") = "HW1_5", "HW1_5\HW1_5.csproj", "{5C3FFCE4-1D58-4344-9278-56C702754574}"
EndProject
Project("{FAE04EC0-301F-11D3-BF4B-00C04F79EFBC}") = "HW2_1", "HW2_1\HW2_1.csproj", "{F08290C5-0231-4DFB-98C0-EF1078DCEEB6}"
EndProject
Project("{FAE04EC0-301F-11D3-BF4B-00C04F79EFBC}") = "HW2_2", "HW2_2\HW2_2.csproj", "{E8BCF6B6-6C1F-4B18-9814-B419FC8E4637}"
EndProject
Project("{FAE04EC0-301F-11D3-BF4B-00C04F79EFBC}") = "HW2_3", "HW2_3\HW2_3.csproj", "{3CBAA1D4-061C-487E-98FE-DECBC0B56ED3}"
EndProject
Project("{FAE04EC0-301F-11D3-BF4B-00C04F79EFBC}") = "HW2_4", "HW2_4\HW2_4.csproj", "{69F9C561-AFC8-413D-8484-28354AAC9B9F}"
EndProject
Project("{FAE04EC0-301F-11D3-BF4B-00C04F79EFBC}") = "HW2_5", "HW2_5\HW2_5.csproj", "{9E7572B2-0053-4D27-B5BD-8C995E061091}"
EndProject
Global
	GlobalSection(SolutionConfigurationPlatforms) = preSolution
		Debug|Any CPU = Debug|Any CPU
		Release|Any CPU = Release|Any CPU
	EndGlobalSection
	GlobalSection(ProjectConfigurationPlatforms) = postSolution
		{0F68709E-4EDD-4838-B30D-B049F7FF1441}.Debug|Any CPU.ActiveCfg = Debug|Any CPU
		{0F68709E-4EDD-4838-B30D-B049F7FF1441}.Debug|Any CPU.Build.0 = Debug|Any CPU
		{0F68709E-4EDD-4838-B30D-B049F7FF1441}.Release|Any CPU.ActiveCfg = Release|Any CPU
		{0F68709E-4EDD-4838-B30D-B049F7FF1441}.Release|Any CPU.Build.0 = Release|Any CPU
		{58844254-0092-4DDA-A7D5-332C88F525FE}.Debug|Any CPU.ActiveCfg = Debug|Any CPU
		{58844254-0092-4DDA-A7D5-332C88F525FE}.Debug|Any CPU.Build.0 = Debug|Any CPU
		{58844254-0092-4DDA-A7D5-332C88F525FE}.Release|Any CPU.ActiveCfg = Release|Any CPU
		{58844254-0092-4DDA-A7D5-332C88F525FE}.Release|Any CPU.Build.0 = Release|Any CPU
		{34532D5A-443D-4789-AB6A-2211C0999D4A}.Debug|Any CPU.ActiveCfg = Debug|Any CPU
		{34532D5A-443D-4789-AB6A-2211C0999D4A}.Debug|Any CPU.Build.0 = Debug|Any CPU
		{34532D5A-443D-4789-AB6A-2211C0999D4A}.Release|Any CPU.ActiveCfg = Release|Any CPU
		{34532D5A-443D-4789-AB6A-2211C0999D4A}.Release|Any CPU.Build.0 = Release|Any CPU
		{C8AAC02F-0792-4AEF-A339-17FF61AE8B3D}.Debug|Any CPU.ActiveCfg = Debug|Any CPU
		{C8AAC02F-0792-4AEF-A339-17FF61AE8B3D}.Debug|Any CPU.Build.0 = Debug|Any CPU
		{C8AAC02F-0792-4AEF-A339-17FF61AE8B3D}.Release|Any CPU.ActiveCfg = Release|Any CPU
		{C8AAC02F-0792-4AEF-A339-17FF61AE8B3D}.Release|Any CPU.Build.0 = Release|Any CPU
		{5C3FFCE4-1D58-4344-9278-56C702754574}.Debug|Any CPU.ActiveCfg = Debug|Any CPU
		{5C3FFCE4-1D58-4344-9278-56C702754574}.Debug|Any CPU.Build.0 = Debug|Any CPU
		{5C3FFCE4-1D58-4344-9278-56C702754574}.Release|Any CPU.ActiveCfg = Release|Any CPU
		{5C3FFCE4-1D58-4344-9278-56C702754574}.Release|Any CPU.Build.0 = Release|Any CPU
		{F08290C5-0231-4DFB-98C0-EF1078DCEEB6}.Debug|Any CPU.ActiveCfg = Debug|Any CPU
		{F08290C5-0231-4DFB-98C0-EF1078DCEEB6}.Debug|Any CPU.Build.0 = Debug|Any CPU
		{F08290C5-0231-4DFB-98C0-EF1078DCEEB6}.Release|Any CPU.ActiveCfg = Release|Any CPU
		{F08290C5-0231-4DFB-98C0-EF1078DCEEB6}.Release|Any CPU.Build.0 = Release|Any CPU
		{E8BCF6B6-6C1F-4B18-9814-B419FC8E4637}.Debug|Any CPU.ActiveCfg = Debug|Any CPU
		{E8BCF6B6-6C1F-4B18-9814-B419FC8E4637}.Debug|Any CPU.Build.0 = Debug|Any CPU
		{E8BCF6B6-6C1F-4B18-9814-B419FC8E4637}.Release|Any CPU.ActiveCfg = Release|Any CPU
		{E8BCF6B6-6C1F-4B18-9814-B419FC8E4637}.Release|Any CPU.Build.0 = Release|Any CPU
		{3CBAA1D4-061C-487E-98FE-DECBC0B56ED3}.Debug|Any CPU.ActiveCfg = Debug|Any CPU
		{3CBAA1D4-061C-487E-98FE-DECBC0B56ED3}.Debug|Any CPU.Build.0 = Debug|Any CPU
		{3CBAA1D4-061C-487E-98FE-DECBC0B56ED3}.Release|Any CPU.ActiveCfg = Release|Any CPU
		{3CBAA1D4-061C-487E-98FE-DECBC0B56ED3}.Release|Any CPU.Build.0 = Release|Any CPU
		{69F9C561-AFC8-413D-8484-28354AAC9B9F}.Debug|Any CPU.ActiveCfg = Debug|Any CPU
		{69F9C561-AFC8-413D-8484-28354AAC9B9F}.Debug|Any CPU.Build.0 = Debug|Any CPU
		{69F9C561-AFC8-413D-8484-28354AAC9B9F}.Release|Any CPU.ActiveCfg = Release|Any CPU
		{69F9C561-AFC8-413D-8484-28354AAC9B9F}.Release|Any CPU.Build.0 = Release|Any CPU
		{9E7572B2-0053-4D27-B5BD-8C995E061091}.Debug|Any CPU.ActiveCfg = Debug|Any CPU
		{9E7572B2-0053-4D27-B5BD-8C995E061091}.Debug|Any CPU.Build.0 = Debug|Any CPU
		{9E7572B2-0053-4D27-B5BD-8C995E061091}.Release|Any CPU.ActiveCfg = Release|Any CPU
		{9E7572B2-0053-4D27-B5BD-8C995E061091}.Release|Any CPU.Build.0 = Release|Any CPU
	EndGlobalSection
	GlobalSection(SolutionProperties) = preSolution
		HideSolutionNode = FALSE
	EndGlobalSection
	GlobalSection(NestedProjects) = preSolution
		{0F68709E-4EDD-4838-B30D-B049F7FF1441} = {F557193B-01DB-422A-AD10-363487DCB774}
		{58844254-0092-4DDA-A7D5-332C88F525FE} = {F557193B-01DB-422A-AD10-363487DCB774}
		{34532D5A-443D-4789-AB6A-2211C0999D4A} = {F557193B-01DB-422A-AD10-363487DCB774}
		{C8AAC02F-0792-4AEF-A339-17FF61AE8B3D} = {F557193B-01DB-422A-AD10-363487DCB774}
		{5C3FFCE4-1D58-4344-9278-56C702754574} = {F557193B-01DB-422A-AD10-363487DCB774}
		{F08290C5-0231-4DFB-98C0-EF1078DCEEB6} = {035C0C88-95C5-477F-B9F7-54C14DF801DD}
		{E8BCF6B6-6C1F-4B18-9814-B419FC8E4637} = {035C0C88-95C5-477F-B9F7-54C14DF801DD}
		{3CBAA1D4-061C-487E-98FE-DECBC0B56ED3} = {035C0C88-95C5-477F-B9F7-54C14DF801DD}
		{69F9C561-AFC8-413D-8484-28354AAC9B9F} = {035C0C88-95C5-477F-B9F7-54C14DF801DD}
		{9E7572B2-0053-4D27-B5BD-8C995E061091} = {035C0C88-95C5-477F-B9F7-54C14DF801DD}
	EndGlobalSection
	GlobalSection(ExtensibilityGlobals) = postSolution
		SolutionGuid = {77DD3D90-E37D-4466-9408-79D7E8F14026}
	EndGlobalSection
EndGlobal
